
Microsoft Visual Studio Solution File, Format Version 12.00
# Visual Studio Version 17
VisualStudioVersion = 17.8.34322.80
MinimumVisualStudioVersion = 10.0.40219.1
Project("{FAE04EC0-301F-11D3-BF4B-00C04F79EFBC}") = "GelecegeNotBirak", "GelecegeNotBirak\GelecegeNotBirak.csproj", "{A1D79218-8912-4036-9040-EECFBF97D557}"
EndProject
Global
	GlobalSection(SolutionConfigurationPlatforms) = preSolution
		Debug|Any CPU = Debug|Any CPU
		Release|Any CPU = Release|Any CPU
	EndGlobalSection
	GlobalSection(ProjectConfigurationPlatforms) = postSolution
		{A1D79218-8912-4036-9040-EECFBF97D557}.Debug|Any CPU.ActiveCfg = Debug|Any CPU
		{A1D79218-8912-4036-9040-EECFBF97D557}.Debug|Any CPU.Build.0 = Debug|Any CPU
		{A1D79218-8912-4036-9040-EECFBF97D557}.Release|Any CPU.ActiveCfg = Release|Any CPU
		{A1D79218-8912-4036-9040-EECFBF97D557}.Release|Any CPU.Build.0 = Release|Any CPU
	EndGlobalSection
	GlobalSection(SolutionProperties) = preSolution
		HideSolutionNode = FALSE
	EndGlobalSection
	GlobalSection(ExtensibilityGlobals) = postSolution
		SolutionGuid = {BADC8088-D044-40FF-B0BC-7E80EA6E4515}
	EndGlobalSection
EndGlobal
